
Microsoft Visual Studio Solution File, Format Version 12.00
# Visual Studio 15
VisualStudioVersion = 15.0.28307.136
MinimumVisualStudioVersion = 10.0.40219.1
Project("{FAE04EC0-301F-11D3-BF4B-00C04F79EFBC}") = "TechChallenge", "TechChallenge\TechChallenge.csproj", "{987F4AB2-AC05-4BF7-AFF4-9E867622A08D}"
EndProject
Global
	GlobalSection(SolutionConfigurationPlatforms) = preSolution
		Debug|Any CPU = Debug|Any CPU
		Release|Any CPU = Release|Any CPU
	EndGlobalSection
	GlobalSection(ProjectConfigurationPlatforms) = postSolution
		{987F4AB2-AC05-4BF7-AFF4-9E867622A08D}.Debug|Any CPU.ActiveCfg = Debug|Any CPU
		{987F4AB2-AC05-4BF7-AFF4-9E867622A08D}.Debug|Any CPU.Build.0 = Debug|Any CPU
		{987F4AB2-AC05-4BF7-AFF4-9E867622A08D}.Release|Any CPU.ActiveCfg = Release|Any CPU
		{987F4AB2-AC05-4BF7-AFF4-9E867622A08D}.Release|Any CPU.Build.0 = Release|Any CPU
	EndGlobalSection
	GlobalSection(SolutionProperties) = preSolution
		HideSolutionNode = FALSE
	EndGlobalSection
	GlobalSection(ExtensibilityGlobals) = postSolution
		SolutionGuid = {F13BD289-FEF7-49D9-A00A-168C6EF1AD47}
	EndGlobalSection
EndGlobal
